
Microsoft Visual Studio Solution File, Format Version 12.00
# Visual Studio Version 17
VisualStudioVersion = 17.2.32630.192
MinimumVisualStudioVersion = 10.0.40219.1
Project("{FAE04EC0-301F-11D3-BF4B-00C04F79EFBC}") = "PIntroducaoPilha", "PIntroducaoPilha\PIntroducaoPilha.csproj", "{FD9934BC-F446-43A3-971A-95CDDF4AA6CF}"
EndProject
Global
	GlobalSection(SolutionConfigurationPlatforms) = preSolution
		Debug|Any CPU = Debug|Any CPU
		Release|Any CPU = Release|Any CPU
	EndGlobalSection
	GlobalSection(ProjectConfigurationPlatforms) = postSolution
		{FD9934BC-F446-43A3-971A-95CDDF4AA6CF}.Debug|Any CPU.ActiveCfg = Debug|Any CPU
		{FD9934BC-F446-43A3-971A-95CDDF4AA6CF}.Debug|Any CPU.Build.0 = Debug|Any CPU
		{FD9934BC-F446-43A3-971A-95CDDF4AA6CF}.Release|Any CPU.ActiveCfg = Release|Any CPU
		{FD9934BC-F446-43A3-971A-95CDDF4AA6CF}.Release|Any CPU.Build.0 = Release|Any CPU
	EndGlobalSection
	GlobalSection(SolutionProperties) = preSolution
		HideSolutionNode = FALSE
	EndGlobalSection
	GlobalSection(ExtensibilityGlobals) = postSolution
		SolutionGuid = {3C07B954-CD65-4995-A54E-E4DB3393B13B}
	EndGlobalSection
EndGlobal
